{
  "requires": true,
  "lockfileVersion": 1,
  "dependencies": {
    "bootstrap": {
      "version": "4.5.3",
      "resolved": "https://registry.npmjs.org/bootstrap/-/bootstrap-4.5.3.tgz",
      "integrity": "sha512-o9ppKQioXGqhw8Z7mah6KdTYpNQY//tipnkxppWhPbiSWdD+1raYsnhwEZjkTHYbGee4cVQ0Rx65EhOY/HNLcQ=="
    },
    "startbootstrap-freelancer": {
      "version": "6.0.5",
      "resolved": "https://registry.npmjs.org/startbootstrap-freelancer/-/startbootstrap-freelancer-6.0.5.tgz",
      "integrity": "sha512-7mYsg+1HcJWYzhG/XINmqOr9J34Lf7vTT3k4MCqNjJxndpAjQxt/eRv5eTSXIPp0D/bvXZoLVMgLYsr/zEALYg==",
      "requires": {
        "bootstrap": "4.5.3"
      }
    }
  }
}
